
Microsoft Visual Studio Solution File, Format Version 12.00
# Visual Studio 15
VisualStudioVersion = 15.0.27703.2042
MinimumVisualStudioVersion = 10.0.40219.1
Project("{FAE04EC0-301F-11D3-BF4B-00C04F79EFBC}") = "ADSGroupSMS.Android", "ADSGroupSMS\ADSGroupSMS.Android\ADSGroupSMS.Android.csproj", "{8A1B2A7B-4135-4799-9CB8-8580776E7910}"
EndProject
Project("{FAE04EC0-301F-11D3-BF4B-00C04F79EFBC}") = "ADSGroupSMS.iOS", "ADSGroupSMS\ADSGroupSMS.iOS\ADSGroupSMS.iOS.csproj", "{27A9B517-C343-4103-8186-5A67759D5759}"
EndProject
Project("{FAE04EC0-301F-11D3-BF4B-00C04F79EFBC}") = "ADSGroupSMS", "ADSGroupSMS\ADSGroupSMS\ADSGroupSMS.csproj", "{046D3C29-E974-46FE-AE80-891E46A237A1}"
EndProject
Global
	GlobalSection(SolutionConfigurationPlatforms) = preSolution
		Ad-Hoc|Any CPU = Ad-Hoc|Any CPU
		Ad-Hoc|iPhone = Ad-Hoc|iPhone
		Ad-Hoc|iPhoneSimulator = Ad-Hoc|iPhoneSimulator
		AppStore|Any CPU = AppStore|Any CPU
		AppStore|iPhone = AppStore|iPhone
		AppStore|iPhoneSimulator = AppStore|iPhoneSimulator
		Debug|Any CPU = Debug|Any CPU
		Debug|iPhone = Debug|iPhone
		Debug|iPhoneSimulator = Debug|iPhoneSimulator
		Release|Any CPU = Release|Any CPU
		Release|iPhone = Release|iPhone
		Release|iPhoneSimulator = Release|iPhoneSimulator
	EndGlobalSection
	GlobalSection(ProjectConfigurationPlatforms) = postSolution
		{8A1B2A7B-4135-4799-9CB8-8580776E7910}.Ad-Hoc|Any CPU.ActiveCfg = Release|Any CPU
		{8A1B2A7B-4135-4799-9CB8-8580776E7910}.Ad-Hoc|Any CPU.Build.0 = Release|Any CPU
		{8A1B2A7B-4135-4799-9CB8-8580776E7910}.Ad-Hoc|Any CPU.Deploy.0 = Release|Any CPU
		{8A1B2A7B-4135-4799-9CB8-8580776E7910}.Ad-Hoc|iPhone.ActiveCfg = Release|Any CPU
		{8A1B2A7B-4135-4799-9CB8-8580776E7910}.Ad-Hoc|iPhone.Build.0 = Release|Any CPU
		{8A1B2A7B-4135-4799-9CB8-8580776E7910}.Ad-Hoc|iPhone.Deploy.0 = Release|Any CPU
		{8A1B2A7B-4135-4799-9CB8-8580776E7910}.Ad-Hoc|iPhoneSimulator.ActiveCfg = Release|Any CPU
		{8A1B2A7B-4135-4799-9CB8-8580776E7910}.Ad-Hoc|iPhoneSimulator.Build.0 = Release|Any CPU
		{8A1B2A7B-4135-4799-9CB8-8580776E7910}.Ad-Hoc|iPhoneSimulator.Deploy.0 = Release|Any CPU
		{8A1B2A7B-4135-4799-9CB8-8580776E7910}.AppStore|Any CPU.ActiveCfg = Release|Any CPU
		{8A1B2A7B-4135-4799-9CB8-8580776E7910}.AppStore|Any CPU.Build.0 = Release|Any CPU
		{8A1B2A7B-4135-4799-9CB8-8580776E7910}.AppStore|Any CPU.Deploy.0 = Release|Any CPU
		{8A1B2A7B-4135-4799-9CB8-8580776E7910}.AppStore|iPhone.ActiveCfg = Release|Any CPU
		{8A1B2A7B-4135-4799-9CB8-8580776E7910}.AppStore|iPhone.Build.0 = Release|Any CPU
		{8A1B2A7B-4135-4799-9CB8-8580776E7910}.AppStore|iPhone.Deploy.0 = Release|Any CPU
		{8A1B2A7B-4135-4799-9CB8-8580776E7910}.AppStore|iPhoneSimulator.ActiveCfg = Release|Any CPU
		{8A1B2A7B-4135-4799-9CB8-8580776E7910}.AppStore|iPhoneSimulator.Build.0 = Release|Any CPU
		{8A1B2A7B-4135-4799-9CB8-8580776E7910}.AppStore|iPhoneSimulator.Deploy.0 = Release|Any CPU
		{8A1B2A7B-4135-4799-9CB8-8580776E7910}.Debug|Any CPU.ActiveCfg = Debug|Any CPU
		{8A1B2A7B-4135-4799-9CB8-8580776E7910}.Debug|Any CPU.Build.0 = Debug|Any CPU
		{8A1B2A7B-4135-4799-9CB8-8580776E7910}.Debug|Any CPU.Deploy.0 = Debug|Any CPU
		{8A1B2A7B-4135-4799-9CB8-8580776E7910}.Debug|iPhone.ActiveCfg = Debug|Any CPU
		{8A1B2A7B-4135-4799-9CB8-8580776E7910}.Debug|iPhone.Build.0 = Debug|Any CPU
		{8A1B2A7B-4135-4799-9CB8-8580776E7910}.Debug|iPhone.Deploy.0 = Debug|Any CPU
		{8A1B2A7B-4135-4799-9CB8-8580776E7910}.Debug|iPhoneSimulator.ActiveCfg = Debug|Any CPU
		{8A1B2A7B-4135-4799-9CB8-8580776E7910}.Debug|iPhoneSimulator.Build.0 = Debug|Any CPU
		{8A1B2A7B-4135-4799-9CB8-8580776E7910}.Debug|iPhoneSimulator.Deploy.0 = Debug|Any CPU
		{8A1B2A7B-4135-4799-9CB8-8580776E7910}.Release|Any CPU.ActiveCfg = Release|Any CPU
		{8A1B2A7B-4135-4799-9CB8-8580776E7910}.Release|Any CPU.Build.0 = Release|Any CPU
		{8A1B2A7B-4135-4799-9CB8-8580776E7910}.Release|Any CPU.Deploy.0 = Release|Any CPU
		{8A1B2A7B-4135-4799-9CB8-8580776E7910}.Release|iPhone.ActiveCfg = Release|Any CPU
		{8A1B2A7B-4135-4799-9CB8-8580776E7910}.Release|iPhone.Build.0 = Release|Any CPU
		{8A1B2A7B-4135-4799-9CB8-8580776E7910}.Release|iPhone.Deploy.0 = Release|Any CPU
		{8A1B2A7B-4135-4799-9CB8-8580776E7910}.Release|iPhoneSimulator.ActiveCfg = Release|Any CPU
		{8A1B2A7B-4135-4799-9CB8-8580776E7910}.Release|iPhoneSimulator.Build.0 = Release|Any CPU
		{8A1B2A7B-4135-4799-9CB8-8580776E7910}.Release|iPhoneSimulator.Deploy.0 = Release|Any CPU
		{27A9B517-C343-4103-8186-5A67759D5759}.Ad-Hoc|Any CPU.ActiveCfg = Ad-Hoc|iPhone
		{27A9B517-C343-4103-8186-5A67759D5759}.Ad-Hoc|Any CPU.Build.0 = Ad-Hoc|iPhone
		{27A9B517-C343-4103-8186-5A67759D5759}.Ad-Hoc|Any CPU.Deploy.0 = Ad-Hoc|iPhone
		{27A9B517-C343-4103-8186-5A67759D5759}.Ad-Hoc|iPhone.ActiveCfg = Ad-Hoc|iPhone
		{27A9B517-C343-4103-8186-5A67759D5759}.Ad-Hoc|iPhone.Build.0 = Ad-Hoc|iPhone
		{27A9B517-C343-4103-8186-5A67759D5759}.Ad-Hoc|iPhone.Deploy.0 = Ad-Hoc|iPhone
		{27A9B517-C343-4103-8186-5A67759D5759}.Ad-Hoc|iPhoneSimulator.ActiveCfg = Ad-Hoc|iPhoneSimulator
		{27A9B517-C343-4103-8186-5A67759D5759}.Ad-Hoc|iPhoneSimulator.Build.0 = Ad-Hoc|iPhoneSimulator
		{27A9B517-C343-4103-8186-5A67759D5759}.Ad-Hoc|iPhoneSimulator.Deploy.0 = Ad-Hoc|iPhoneSimulator
		{27A9B517-C343-4103-8186-5A67759D5759}.AppStore|Any CPU.ActiveCfg = AppStore|iPhone
		{27A9B517-C343-4103-8186-5A67759D5759}.AppStore|Any CPU.Build.0 = AppStore|iPhone
		{27A9B517-C343-4103-8186-5A67759D5759}.AppStore|Any CPU.Deploy.0 = AppStore|iPhone
		{27A9B517-C343-4103-8186-5A67759D5759}.AppStore|iPhone.ActiveCfg = AppStore|iPhone
		{27A9B517-C343-4103-8186-5A67759D5759}.AppStore|iPhone.Build.0 = AppStore|iPhone
		{27A9B517-C343-4103-8186-5A67759D5759}.AppStore|iPhone.Deploy.0 = AppStore|iPhone
		{27A9B517-C343-4103-8186-5A67759D5759}.AppStore|iPhoneSimulator.ActiveCfg = AppStore|iPhoneSimulator
		{27A9B517-C343-4103-8186-5A67759D5759}.AppStore|iPhoneSimulator.Build.0 = AppStore|iPhoneSimulator
		{27A9B517-C343-4103-8186-5A67759D5759}.AppStore|iPhoneSimulator.Deploy.0 = AppStore|iPhoneSimulator
		{27A9B517-C343-4103-8186-5A67759D5759}.Debug|Any CPU.ActiveCfg = Debug|iPhoneSimulator
		{27A9B517-C343-4103-8186-5A67759D5759}.Debug|Any CPU.Build.0 = Debug|iPhoneSimulator
		{27A9B517-C343-4103-8186-5A67759D5759}.Debug|Any CPU.Deploy.0 = Debug|iPhoneSimulator
		{27A9B517-C343-4103-8186-5A67759D5759}.Debug|iPhone.ActiveCfg = Debug|iPhone
		{27A9B517-C343-4103-8186-5A67759D5759}.Debug|iPhone.Build.0 = Debug|iPhone
		{27A9B517-C343-4103-8186-5A67759D5759}.Debug|iPhone.Deploy.0 = Debug|iPhone
		{27A9B517-C343-4103-8186-5A67759D5759}.Debug|iPhoneSimulator.ActiveCfg = Debug|iPhoneSimulator
		{27A9B517-C343-4103-8186-5A67759D5759}.Debug|iPhoneSimulator.Build.0 = Debug|iPhoneSimulator
		{27A9B517-C343-4103-8186-5A67759D5759}.Debug|iPhoneSimulator.Deploy.0 = Debug|iPhoneSimulator
		{27A9B517-C343-4103-8186-5A67759D5759}.Release|Any CPU.ActiveCfg = Release|iPhone
		{27A9B517-C343-4103-8186-5A67759D5759}.Release|Any CPU.Build.0 = Release|iPhone
		{27A9B517-C343-4103-8186-5A67759D5759}.Release|Any CPU.Deploy.0 = Release|iPhone
		{27A9B517-C343-4103-8186-5A67759D5759}.Release|iPhone.ActiveCfg = Release|iPhone
		{27A9B517-C343-4103-8186-5A67759D5759}.Release|iPhone.Build.0 = Release|iPhone
		{27A9B517-C343-4103-8186-5A67759D5759}.Release|iPhone.Deploy.0 = Release|iPhone
		{27A9B517-C343-4103-8186-5A67759D5759}.Release|iPhoneSimulator.ActiveCfg = Release|iPhoneSimulator
		{27A9B517-C343-4103-8186-5A67759D5759}.Release|iPhoneSimulator.Build.0 = Release|iPhoneSimulator
		{27A9B517-C343-4103-8186-5A67759D5759}.Release|iPhoneSimulator.Deploy.0 = Release|iPhoneSimulator
		{046D3C29-E974-46FE-AE80-891E46A237A1}.Ad-Hoc|Any CPU.ActiveCfg = Debug|Any CPU
		{046D3C29-E974-46FE-AE80-891E46A237A1}.Ad-Hoc|Any CPU.Build.0 = Debug|Any CPU
		{046D3C29-E974-46FE-AE80-891E46A237A1}.Ad-Hoc|Any CPU.Deploy.0 = Debug|Any CPU
		{046D3C29-E974-46FE-AE80-891E46A237A1}.Ad-Hoc|iPhone.ActiveCfg = Debug|Any CPU
		{046D3C29-E974-46FE-AE80-891E46A237A1}.Ad-Hoc|iPhone.Build.0 = Debug|Any CPU
		{046D3C29-E974-46FE-AE80-891E46A237A1}.Ad-Hoc|iPhone.Deploy.0 = Debug|Any CPU
		{046D3C29-E974-46FE-AE80-891E46A237A1}.Ad-Hoc|iPhoneSimulator.ActiveCfg = Debug|Any CPU
		{046D3C29-E974-46FE-AE80-891E46A237A1}.Ad-Hoc|iPhoneSimulator.Build.0 = Debug|Any CPU
		{046D3C29-E974-46FE-AE80-891E46A237A1}.Ad-Hoc|iPhoneSimulator.Deploy.0 = Debug|Any CPU
		{046D3C29-E974-46FE-AE80-891E46A237A1}.AppStore|Any CPU.ActiveCfg = Debug|Any CPU
		{046D3C29-E974-46FE-AE80-891E46A237A1}.AppStore|Any CPU.Build.0 = Debug|Any CPU
		{046D3C29-E974-46FE-AE80-891E46A237A1}.AppStore|Any CPU.Deploy.0 = Debug|Any CPU
		{046D3C29-E974-46FE-AE80-891E46A237A1}.AppStore|iPhone.ActiveCfg = Debug|Any CPU
		{046D3C29-E974-46FE-AE80-891E46A237A1}.AppStore|iPhone.Build.0 = Debug|Any CPU
		{046D3C29-E974-46FE-AE80-891E46A237A1}.AppStore|iPhone.Deploy.0 = Debug|Any CPU
		{046D3C29-E974-46FE-AE80-891E46A237A1}.AppStore|iPhoneSimulator.ActiveCfg = Debug|Any CPU
		{046D3C29-E974-46FE-AE80-891E46A237A1}.AppStore|iPhoneSimulator.Build.0 = Debug|Any CPU
		{046D3C29-E974-46FE-AE80-891E46A237A1}.AppStore|iPhoneSimulator.Deploy.0 = Debug|Any CPU
		{046D3C29-E974-46FE-AE80-891E46A237A1}.Debug|Any CPU.ActiveCfg = Debug|Any CPU
		{046D3C29-E974-46FE-AE80-891E46A237A1}.Debug|Any CPU.Build.0 = Debug|Any CPU
		{046D3C29-E974-46FE-AE80-891E46A237A1}.Debug|Any CPU.Deploy.0 = Debug|Any CPU
		{046D3C29-E974-46FE-AE80-891E46A237A1}.Debug|iPhone.ActiveCfg = Debug|Any CPU
		{046D3C29-E974-46FE-AE80-891E46A237A1}.Debug|iPhone.Build.0 = Debug|Any CPU
		{046D3C29-E974-46FE-AE80-891E46A237A1}.Debug|iPhone.Deploy.0 = Debug|Any CPU
		{046D3C29-E974-46FE-AE80-891E46A237A1}.Debug|iPhoneSimulator.ActiveCfg = Debug|Any CPU
		{046D3C29-E974-46FE-AE80-891E46A237A1}.Debug|iPhoneSimulator.Build.0 = Debug|Any CPU
		{046D3C29-E974-46FE-AE80-891E46A237A1}.Debug|iPhoneSimulator.Deploy.0 = Debug|Any CPU
		{046D3C29-E974-46FE-AE80-891E46A237A1}.Release|Any CPU.ActiveCfg = Release|Any CPU
		{046D3C29-E974-46FE-AE80-891E46A237A1}.Release|Any CPU.Build.0 = Release|Any CPU
		{046D3C29-E974-46FE-AE80-891E46A237A1}.Release|Any CPU.Deploy.0 = Release|Any CPU
		{046D3C29-E974-46FE-AE80-891E46A237A1}.Release|iPhone.ActiveCfg = Release|Any CPU
		{046D3C29-E974-46FE-AE80-891E46A237A1}.Release|iPhone.Build.0 = Release|Any CPU
		{046D3C29-E974-46FE-AE80-891E46A237A1}.Release|iPhone.Deploy.0 = Release|Any CPU
		{046D3C29-E974-46FE-AE80-891E46A237A1}.Release|iPhoneSimulator.ActiveCfg = Release|Any CPU
		{046D3C29-E974-46FE-AE80-891E46A237A1}.Release|iPhoneSimulator.Build.0 = Release|Any CPU
		{046D3C29-E974-46FE-AE80-891E46A237A1}.Release|iPhoneSimulator.Deploy.0 = Release|Any CPU
	EndGlobalSection
	GlobalSection(SolutionProperties) = preSolution
		HideSolutionNode = FALSE
	EndGlobalSection
	GlobalSection(ExtensibilityGlobals) = postSolution
		SolutionGuid = {CF76DF2C-8F9E-4A25-A968-0F86E633E958}
	EndGlobalSection
EndGlobal
